<?xml version="1.0" encoding="utf-8"?>
<Project ToolsVersion="16.0" xmlns="http://schemas.microsoft.com/developer/msbuild/2003">
  <ItemGroup>
    <ClCompile Include="C:\VanillaWOW\Source\AIO\Server\src\shared\Auth\ARC4.cpp">
      <Filter>Auth</Filter>
    </ClCompile>
    <ClCompile Include="C:\VanillaWOW\Source\AIO\Server\src\shared\Auth\AuthCrypt.cpp">
      <Filter>Auth</Filter>
    </ClCompile>
    <ClCompile Include="C:\VanillaWOW\Source\AIO\Server\src\shared\Auth\BigNumber.cpp">
      <Filter>Auth</Filter>
    </ClCompile>
    <ClCompile Include="C:\VanillaWOW\Source\AIO\Server\src\shared\Auth\HMACSHA1.cpp">
      <Filter>Auth</Filter>
    </ClCompile>
    <ClCompile Include="C:\VanillaWOW\Source\AIO\Server\src\shared\Auth\Sha1.cpp">
      <Filter>Auth</Filter>
    </ClCompile>
    <ClCompile Include="C:\VanillaWOW\Source\AIO\Server\src\shared\Auth\md5.c">
      <Filter>Auth</Filter>
    </ClCompile>
    <ClCompile Include="C:\VanillaWOW\Source\AIO\Server\src\shared\Common\Common.cpp">
      <Filter>Common</Filter>
    </ClCompile>
    <ClCompile Include="C:\VanillaWOW\Source\AIO\Server\src\shared\Config\Config.cpp">
      <Filter>Config</Filter>
    </ClCompile>
    <ClCompile Include="C:\VanillaWOW\Source\AIO\Server\src\shared\DataStores\DBCFileLoader.cpp">
      <Filter>DataStores</Filter>
    </ClCompile>
    <ClCompile Include="C:\VanillaWOW\Source\AIO\Server\src\shared\Database\Database.cpp">
      <Filter>Database</Filter>
    </ClCompile>
    <ClCompile Include="C:\VanillaWOW\Source\AIO\Server\src\shared\Database\DatabaseMysql.cpp">
      <Filter>Database</Filter>
    </ClCompile>
    <ClCompile Include="C:\VanillaWOW\Source\AIO\Server\src\shared\Database\Field.cpp">
      <Filter>Database</Filter>
    </ClCompile>
    <ClCompile Include="C:\VanillaWOW\Source\AIO\Server\src\shared\Database\QueryResultMysql.cpp">
      <Filter>Database</Filter>
    </ClCompile>
    <ClCompile Include="C:\VanillaWOW\Source\AIO\Server\src\shared\Database\SQLStorage.cpp">
      <Filter>Database</Filter>
    </ClCompile>
    <ClCompile Include="C:\VanillaWOW\Source\AIO\Server\src\shared\Database\SqlDelayThread.cpp">
      <Filter>Database</Filter>
    </ClCompile>
    <ClCompile Include="C:\VanillaWOW\Source\AIO\Server\src\shared\Database\SqlOperations.cpp">
      <Filter>Database</Filter>
    </ClCompile>
    <ClCompile Include="C:\VanillaWOW\Source\AIO\Server\src\shared\Database\SqlPreparedStatement.cpp">
      <Filter>Database</Filter>
    </ClCompile>
    <ClCompile Include="C:\VanillaWOW\Source\AIO\Server\src\shared\Log\Log.cpp">
      <Filter>Log</Filter>
    </ClCompile>
    <ClCompile Include="C:\VanillaWOW\Source\AIO\Server\src\shared\Threading\DelayExecutor.cpp">
      <Filter>Threading</Filter>
    </ClCompile>
    <ClCompile Include="C:\VanillaWOW\Source\AIO\Server\src\shared\Threading\Threading.cpp">
      <Filter>Threading</Filter>
    </ClCompile>
    <ClCompile Include="C:\VanillaWOW\Source\AIO\Server\src\shared\Policies\ObjectLifeTime.cpp">
      <Filter>Policies</Filter>
    </ClCompile>
    <ClCompile Include="C:\VanillaWOW\Source\AIO\Server\src\shared\Win\ServiceWin32.cpp">
      <Filter>Services</Filter>
    </ClCompile>
    <ClCompile Include="C:\VanillaWOW\Source\AIO\Server\src\shared\Utilities\ByteBuffer.cpp">
      <Filter>Utilities</Filter>
    </ClCompile>
    <ClCompile Include="C:\VanillaWOW\Source\AIO\Server\src\shared\Utilities\ProgressBar.cpp">
      <Filter>Utilities</Filter>
    </ClCompile>
    <ClCompile Include="C:\VanillaWOW\Source\AIO\Server\src\shared\Utilities\Util.cpp">
      <Filter>Utilities</Filter>
    </ClCompile>
    <ClCompile Include="C:\VanillaWOW\Source\AIO\Server\src\shared\Utilities\EventProcessor.cpp">
      <Filter>Utilities</Filter>
    </ClCompile>
  </ItemGroup>
  <ItemGroup>
    <ClInclude Include="C:\VanillaWOW\Source\AIO\Server\src\shared\Auth\ARC4.h">
      <Filter>Auth</Filter>
    </ClInclude>
    <ClInclude Include="C:\VanillaWOW\Source\AIO\Server\src\shared\Auth\AuthCrypt.h">
      <Filter>Auth</Filter>
    </ClInclude>
    <ClInclude Include="C:\VanillaWOW\Source\AIO\Server\src\shared\Auth\BigNumber.h">
      <Filter>Auth</Filter>
    </ClInclude>
    <ClInclude Include="C:\VanillaWOW\Source\AIO\Server\src\shared\Auth\HMACSHA1.h">
      <Filter>Auth</Filter>
    </ClInclude>
    <ClInclude Include="C:\VanillaWOW\Source\AIO\Server\src\shared\Auth\Sha1.h">
      <Filter>Auth</Filter>
    </ClInclude>
    <ClInclude Include="C:\VanillaWOW\Source\AIO\Server\src\shared\Auth\WardenKeyGeneration.h">
      <Filter>Auth</Filter>
    </ClInclude>
    <ClInclude Include="C:\VanillaWOW\Source\AIO\Server\src\shared\Auth\md5.h">
      <Filter>Auth</Filter>
    </ClInclude>
    <ClInclude Include="C:\VanillaWOW\Source\AIO\Server\src\shared\Common\Common.h">
      <Filter>Common</Filter>
    </ClInclude>
    <ClInclude Include="C:\VanillaWOW\Source\AIO\Server\src\shared\Common\ServerDefines.h">
      <Filter>Common</Filter>
    </ClInclude>
    <ClInclude Include="C:\VanillaWOW\Source\AIO\Server\src\shared\Config\Config.h">
      <Filter>Config</Filter>
    </ClInclude>
    <ClInclude Include="C:\VanillaWOW\Source\AIO\Server\src\shared\DataStores\DBCFileLoader.h">
      <Filter>DataStores</Filter>
    </ClInclude>
    <ClInclude Include="C:\VanillaWOW\Source\AIO\Server\src\shared\DataStores\DBCStore.h">
      <Filter>DataStores</Filter>
    </ClInclude>
    <ClInclude Include="C:\VanillaWOW\Source\AIO\Server\src\shared\Database\Database.h">
      <Filter>Database</Filter>
    </ClInclude>
    <ClInclude Include="C:\VanillaWOW\Source\AIO\Server\src\shared\Database\DatabaseEnv.h">
      <Filter>Database</Filter>
    </ClInclude>
    <ClInclude Include="C:\VanillaWOW\Source\AIO\Server\src\shared\Database\DatabaseImpl.h">
      <Filter>Database</Filter>
    </ClInclude>
    <ClInclude Include="C:\VanillaWOW\Source\AIO\Server\src\shared\Database\DatabaseMysql.h">
      <Filter>Database</Filter>
    </ClInclude>
    <ClInclude Include="C:\VanillaWOW\Source\AIO\Server\src\shared\Database\Field.h">
      <Filter>Database</Filter>
    </ClInclude>
    <ClInclude Include="C:\VanillaWOW\Source\AIO\Server\src\shared\Database\QueryResult.h">
      <Filter>Database</Filter>
    </ClInclude>
    <ClInclude Include="C:\VanillaWOW\Source\AIO\Server\src\shared\Database\QueryResultMysql.h">
      <Filter>Database</Filter>
    </ClInclude>
    <ClInclude Include="C:\VanillaWOW\Source\AIO\Server\src\shared\Database\SQLStorage.h">
      <Filter>Database</Filter>
    </ClInclude>
    <ClInclude Include="C:\VanillaWOW\Source\AIO\Server\src\shared\Database\SQLStorageImpl.h">
      <Filter>Database</Filter>
    </ClInclude>
    <ClInclude Include="C:\VanillaWOW\Source\AIO\Server\src\shared\Database\SqlDelayThread.h">
      <Filter>Database</Filter>
    </ClInclude>
    <ClInclude Include="C:\VanillaWOW\Source\AIO\Server\src\shared\Database\SqlOperations.h">
      <Filter>Database</Filter>
    </ClInclude>
    <ClInclude Include="C:\VanillaWOW\Source\AIO\Server\src\shared\Database\SqlPreparedStatement.h">
      <Filter>Database</Filter>
    </ClInclude>
    <ClInclude Include="C:\VanillaWOW\Source\AIO\Server\src\shared\Dynamic\FactoryHolder.h">
      <Filter>Dynamic</Filter>
    </ClInclude>
    <ClInclude Include="C:\VanillaWOW\Source\AIO\Server\src\shared\Dynamic\ObjectRegistry.h">
      <Filter>Dynamic</Filter>
    </ClInclude>
    <ClInclude Include="C:\VanillaWOW\Source\AIO\Server\src\shared\GameSystem\Grid.h">
      <Filter>GameSystem</Filter>
    </ClInclude>
    <ClInclude Include="C:\VanillaWOW\Source\AIO\Server\src\shared\GameSystem\GridLoader.h">
      <Filter>GameSystem</Filter>
    </ClInclude>
    <ClInclude Include="C:\VanillaWOW\Source\AIO\Server\src\shared\GameSystem\GridRefManager.h">
      <Filter>GameSystem</Filter>
    </ClInclude>
    <ClInclude Include="C:\VanillaWOW\Source\AIO\Server\src\shared\GameSystem\GridReference.h">
      <Filter>GameSystem</Filter>
    </ClInclude>
    <ClInclude Include="C:\VanillaWOW\Source\AIO\Server\src\shared\GameSystem\NGrid.h">
      <Filter>GameSystem</Filter>
    </ClInclude>
    <ClInclude Include="C:\VanillaWOW\Source\AIO\Server\src\shared\GameSystem\TypeContainer.h">
      <Filter>GameSystem</Filter>
    </ClInclude>
    <ClInclude Include="C:\VanillaWOW\Source\AIO\Server\src\shared\GameSystem\TypeContainerVisitor.h">
      <Filter>GameSystem</Filter>
    </ClInclude>
    <ClInclude Include="C:\VanillaWOW\Source\AIO\Server\src\shared\LockedQueue\LockedQueue.h">
      <Filter>LockedQueue</Filter>
    </ClInclude>
    <ClInclude Include="C:\VanillaWOW\Source\AIO\Server\src\shared\Log\Log.h">
      <Filter>Log</Filter>
    </ClInclude>
    <ClInclude Include="C:\VanillaWOW\Source\AIO\Server\src\shared\Threading\DelayExecutor.h">
      <Filter>Threading</Filter>
    </ClInclude>
    <ClInclude Include="C:\VanillaWOW\Source\AIO\Server\src\shared\Threading\Threading.h">
      <Filter>Threading</Filter>
    </ClInclude>
    <ClInclude Include="C:\VanillaWOW\Source\AIO\Server\src\shared\Platform\CompilerDefs.h">
      <Filter>Platform</Filter>
    </ClInclude>
    <ClInclude Include="C:\VanillaWOW\Source\AIO\Server\src\shared\Platform\Define.h">
      <Filter>Platform</Filter>
    </ClInclude>
    <ClInclude Include="C:\VanillaWOW\Source\AIO\Server\src\shared\Policies\CreationPolicy.h">
      <Filter>Policies</Filter>
    </ClInclude>
    <ClInclude Include="C:\VanillaWOW\Source\AIO\Server\src\shared\Policies\ObjectLifeTime.h">
      <Filter>Policies</Filter>
    </ClInclude>
    <ClInclude Include="C:\VanillaWOW\Source\AIO\Server\src\shared\Policies\Singleton.h">
      <Filter>Policies</Filter>
    </ClInclude>
    <ClInclude Include="C:\VanillaWOW\Source\AIO\Server\src\shared\Policies\ThreadingModel.h">
      <Filter>Policies</Filter>
    </ClInclude>
    <ClInclude Include="C:\VanillaWOW\Source\AIO\Server\src\shared\Win\ServiceWin32.h">
      <Filter>Services</Filter>
    </ClInclude>
    <ClInclude Include="C:\VanillaWOW\Source\AIO\Server\src\shared\Utilities\ByteBuffer.h">
      <Filter>Utilities</Filter>
    </ClInclude>
    <ClInclude Include="C:\VanillaWOW\Source\AIO\Server\src\shared\Utilities\Errors.h">
      <Filter>Utilities</Filter>
    </ClInclude>
    <ClInclude Include="C:\VanillaWOW\Source\AIO\Server\src\shared\Utilities\ProgressBar.h">
      <Filter>Utilities</Filter>
    </ClInclude>
    <ClInclude Include="C:\VanillaWOW\Source\AIO\Server\src\shared\Utilities\RNGen.h">
      <Filter>Utilities</Filter>
    </ClInclude>
    <ClInclude Include="C:\VanillaWOW\Source\AIO\Server\src\shared\Utilities\Timer.h">
      <Filter>Utilities</Filter>
    </ClInclude>
    <ClInclude Include="C:\VanillaWOW\Source\AIO\Server\src\shared\Utilities\Util.h">
      <Filter>Utilities</Filter>
    </ClInclude>
    <ClInclude Include="C:\VanillaWOW\Source\AIO\Server\src\shared\Utilities\WorldPacket.h">
      <Filter>Utilities</Filter>
    </ClInclude>
    <ClInclude Include="C:\VanillaWOW\Source\AIO\Server\src\shared\Utilities\ByteConverter.h">
      <Filter>Utilities</Filter>
    </ClInclude>
    <ClInclude Include="C:\VanillaWOW\Source\AIO\Server\src\shared\Utilities\Callback.h">
      <Filter>Utilities</Filter>
    </ClInclude>
    <ClInclude Include="C:\VanillaWOW\Source\AIO\Server\src\shared\Utilities\EventProcessor.h">
      <Filter>Utilities</Filter>
    </ClInclude>
    <ClInclude Include="C:\VanillaWOW\Source\AIO\Server\src\shared\Utilities\LinkedList.h">
      <Filter>Utilities</Filter>
    </ClInclude>
    <ClInclude Include="C:\VanillaWOW\Source\AIO\Server\src\shared\Utilities\LinkedReference\RefManager.h">
      <Filter>Utilities</Filter>
    </ClInclude>
    <ClInclude Include="C:\VanillaWOW\Source\AIO\Server\src\shared\Utilities\LinkedReference\Reference.h">
      <Filter>Utilities</Filter>
    </ClInclude>
    <ClInclude Include="C:\VanillaWOW\Source\AIO\Server\src\shared\Utilities\TypeList.h">
      <Filter>Utilities</Filter>
    </ClInclude>
    <ClInclude Include="C:\VanillaWOW\Source\AIO\Server\src\shared\Utilities\UnorderedMapSet.h">
      <Filter>Utilities</Filter>
    </ClInclude>
    <ClInclude Include="C:\VanillaWOW\Source\AIO\Server\src\shared\revision.h">
      <Filter>Header Files</Filter>
    </ClInclude>
  </ItemGroup>
  <ItemGroup>
    <CustomBuild Include="C:\VanillaWOW\Source\AIO\Server\src\shared\CMakeLists.txt" />
  </ItemGroup>
  <ItemGroup>
    <Filter Include="Auth">
      <UniqueIdentifier>{A2C31EC9-0872-35E4-975C-74308002523F}</UniqueIdentifier>
    </Filter>
    <Filter Include="Common">
      <UniqueIdentifier>{A9DEAE79-EE36-3A0C-B43C-41FF493C5E61}</UniqueIdentifier>
    </Filter>
    <Filter Include="Config">
      <UniqueIdentifier>{0956FBD4-496E-39B4-89EA-A3BCB6F87FFC}</UniqueIdentifier>
    </Filter>
    <Filter Include="DataStores">
      <UniqueIdentifier>{500A3BEA-60B6-34BC-B2EB-6FBB1F706757}</UniqueIdentifier>
    </Filter>
    <Filter Include="Database">
      <UniqueIdentifier>{4BDA341F-21AB-3981-ACBB-4886D4D91E33}</UniqueIdentifier>
    </Filter>
    <Filter Include="Dynamic">
      <UniqueIdentifier>{1A5F6795-17F2-3463-A85E-A7E1E24F5B3F}</UniqueIdentifier>
    </Filter>
    <Filter Include="GameSystem">
      <UniqueIdentifier>{BF810B1B-8B44-3A8F-B3F7-0BE1E0E54A1D}</UniqueIdentifier>
    </Filter>
    <Filter Include="Header Files">
      <UniqueIdentifier>{3C79B78F-EE49-358F-BF78-8A31D912E682}</UniqueIdentifier>
    </Filter>
    <Filter Include="LockedQueue">
      <UniqueIdentifier>{022F1A23-E623-3BA5-8D3F-61C912322BF0}</UniqueIdentifier>
    </Filter>
    <Filter Include="Log">
      <UniqueIdentifier>{663627B5-4B64-31A3-906D-4D4B714B8D54}</UniqueIdentifier>
    </Filter>
    <Filter Include="Platform">
      <UniqueIdentifier>{C19BF3BA-D669-3ADA-A55F-F41CEDCD8EEA}</UniqueIdentifier>
    </Filter>
    <Filter Include="Policies">
      <UniqueIdentifier>{7DA1EE62-529E-37B0-A6A8-9C4EE2065B02}</UniqueIdentifier>
    </Filter>
    <Filter Include="Services">
      <UniqueIdentifier>{22C53481-D735-3AE4-8125-B47633723F9A}</UniqueIdentifier>
    </Filter>
    <Filter Include="Threading">
      <UniqueIdentifier>{BA402E3E-D1E8-3A59-818D-D6A0455213DC}</UniqueIdentifier>
    </Filter>
    <Filter Include="Utilities">
      <UniqueIdentifier>{5BAA5CEC-97F9-39FF-87E5-345E6B7469CB}</UniqueIdentifier>
    </Filter>
  </ItemGroup>
</Project>
