<?xml version="1.0" encoding="utf-8"?>
<Project ToolsVersion="16.0" xmlns="http://schemas.microsoft.com/developer/msbuild/2003">
  <ItemGroup>
    <ClCompile Include="C:\VanillaWOW\Source\AIO\Server\src\tools\Extractor_projects\vmap-extractor\adtfile.cpp">
      <Filter>Source Files</Filter>
    </ClCompile>
    <ClCompile Include="C:\VanillaWOW\Source\AIO\Server\src\tools\Extractor_projects\vmap-extractor\dbcfile.cpp">
      <Filter>Source Files</Filter>
    </ClCompile>
    <ClCompile Include="C:\VanillaWOW\Source\AIO\Server\src\tools\Extractor_projects\vmap-extractor\assembler.cpp">
      <Filter>Source Files</Filter>
    </ClCompile>
    <ClCompile Include="C:\VanillaWOW\Source\AIO\Server\src\tools\Extractor_projects\vmap-extractor\model.cpp">
      <Filter>Source Files</Filter>
    </ClCompile>
    <ClCompile Include="C:\VanillaWOW\Source\AIO\Server\src\tools\Extractor_projects\vmap-extractor\vmapexport.cpp">
      <Filter>Source Files</Filter>
    </ClCompile>
    <ClCompile Include="C:\VanillaWOW\Source\AIO\Server\src\tools\Extractor_projects\vmap-extractor\wdtfile.cpp">
      <Filter>Source Files</Filter>
    </ClCompile>
    <ClCompile Include="C:\VanillaWOW\Source\AIO\Server\src\tools\Extractor_projects\vmap-extractor\wmo.cpp">
      <Filter>Source Files</Filter>
    </ClCompile>
    <ClCompile Include="C:\VanillaWOW\Source\AIO\Server\src\tools\Extractor_projects\shared\ExtractorCommon.cpp">
      <Filter>Source Files</Filter>
    </ClCompile>
  </ItemGroup>
  <ItemGroup>
    <ClInclude Include="C:\VanillaWOW\Source\AIO\Server\src\tools\Extractor_projects\vmap-extractor\adtfile.h">
      <Filter>Header Files</Filter>
    </ClInclude>
    <ClInclude Include="C:\VanillaWOW\Source\AIO\Server\src\tools\Extractor_projects\vmap-extractor\dbcfile.h">
      <Filter>Header Files</Filter>
    </ClInclude>
    <ClInclude Include="C:\VanillaWOW\Source\AIO\Server\src\tools\Extractor_projects\vmap-extractor\model.h">
      <Filter>Header Files</Filter>
    </ClInclude>
    <ClInclude Include="C:\VanillaWOW\Source\AIO\Server\src\tools\Extractor_projects\vmap-extractor\modelheaders.h">
      <Filter>Header Files</Filter>
    </ClInclude>
    <ClInclude Include="C:\VanillaWOW\Source\AIO\Server\src\tools\Extractor_projects\vmap-extractor\vec3d.h">
      <Filter>Header Files</Filter>
    </ClInclude>
    <ClInclude Include="C:\VanillaWOW\Source\AIO\Server\src\tools\Extractor_projects\vmap-extractor\vmapexport.h">
      <Filter>Header Files</Filter>
    </ClInclude>
    <ClInclude Include="C:\VanillaWOW\Source\AIO\Server\src\tools\Extractor_projects\vmap-extractor\wdtfile.h">
      <Filter>Header Files</Filter>
    </ClInclude>
    <ClInclude Include="C:\VanillaWOW\Source\AIO\Server\src\tools\Extractor_projects\vmap-extractor\wmo.h">
      <Filter>Header Files</Filter>
    </ClInclude>
    <ClInclude Include="C:\VanillaWOW\Source\AIO\Server\src\tools\Extractor_projects\shared\ExtractorCommon.h">
      <Filter>Header Files</Filter>
    </ClInclude>
  </ItemGroup>
  <ItemGroup>
    <CustomBuild Include="C:\VanillaWOW\Source\AIO\Server\src\tools\Extractor_projects\CMakeLists.txt" />
  </ItemGroup>
  <ItemGroup>
    <ResourceCompile Include="C:\VanillaWOW\Source\AIO\Server\src\tools\Extractor_projects\vmap-extractor\vmap-extractor.rc">
      <Filter>Source Files</Filter>
    </ResourceCompile>
  </ItemGroup>
  <ItemGroup>
    <Filter Include="Header Files">
      <UniqueIdentifier>{3C79B78F-EE49-358F-BF78-8A31D912E682}</UniqueIdentifier>
    </Filter>
    <Filter Include="Source Files">
      <UniqueIdentifier>{6D25792E-02BE-3133-B20F-DF7B85DF5BD4}</UniqueIdentifier>
    </Filter>
  </ItemGroup>
</Project>
