<?xml version="1.0" encoding="utf-8"?>
<Project ToolsVersion="16.0" xmlns="http://schemas.microsoft.com/developer/msbuild/2003">
  <ItemGroup>
    <ClCompile Include="C:\VanillaWOW\Source\AIO\Server\src\mangosd\AFThread.cpp">
      <Filter>Main</Filter>
    </ClCompile>
    <ClCompile Include="C:\VanillaWOW\Source\AIO\Server\src\mangosd\CliThread.cpp">
      <Filter>Main</Filter>
    </ClCompile>
    <ClCompile Include="C:\VanillaWOW\Source\AIO\Server\src\mangosd\RAThread.cpp">
      <Filter>Main</Filter>
    </ClCompile>
    <ClCompile Include="C:\VanillaWOW\Source\AIO\Server\src\mangosd\WorldThread.cpp">
      <Filter>Main</Filter>
    </ClCompile>
    <ClCompile Include="C:\VanillaWOW\Source\AIO\Server\src\mangosd\mangosd.cpp">
      <Filter>Main</Filter>
    </ClCompile>
    <ClCompile Include="C:\VanillaWOW\Source\AIO\Server\src\mangosd\SOAP\SoapThread.cpp">
      <Filter>SOAP</Filter>
    </ClCompile>
  </ItemGroup>
  <ItemGroup>
    <ClInclude Include="C:\VanillaWOW\Source\AIO\Server\src\mangosd\AFThread.h">
      <Filter>Main</Filter>
    </ClInclude>
    <ClInclude Include="C:\VanillaWOW\Source\AIO\Server\src\mangosd\CliThread.h">
      <Filter>Main</Filter>
    </ClInclude>
    <ClInclude Include="C:\VanillaWOW\Source\AIO\Server\src\mangosd\RAThread.h">
      <Filter>Main</Filter>
    </ClInclude>
    <ClInclude Include="C:\VanillaWOW\Source\AIO\Server\src\mangosd\WorldThread.h">
      <Filter>Main</Filter>
    </ClInclude>
    <ClInclude Include="C:\VanillaWOW\Source\AIO\Server\src\mangosd\SOAP\SoapThread.h">
      <Filter>SOAP</Filter>
    </ClInclude>
    <ClInclude Include="C:\VanillaWOW\Source\AIO\Server\win\src\mangosd\VersionInfo.h">
      <Filter>Header Files</Filter>
    </ClInclude>
  </ItemGroup>
  <ItemGroup>
    <CustomBuild Include="C:\VanillaWOW\Source\AIO\Server\src\mangosd\CMakeLists.txt" />
  </ItemGroup>
  <ItemGroup>
    <ResourceCompile Include="C:\VanillaWOW\Source\AIO\Server\cmake\win\VersionInfo.rc">
      <Filter>Source Files</Filter>
    </ResourceCompile>
  </ItemGroup>
  <ItemGroup>
    <Filter Include="Header Files">
      <UniqueIdentifier>{3C79B78F-EE49-358F-BF78-8A31D912E682}</UniqueIdentifier>
    </Filter>
    <Filter Include="Main">
      <UniqueIdentifier>{CD8062A9-53EA-3A98-92B6-1AE3D466E408}</UniqueIdentifier>
    </Filter>
    <Filter Include="SOAP">
      <UniqueIdentifier>{35D65DE7-F3DA-3D40-9B50-0A3C660C89FE}</UniqueIdentifier>
    </Filter>
    <Filter Include="Source Files">
      <UniqueIdentifier>{6D25792E-02BE-3133-B20F-DF7B85DF5BD4}</UniqueIdentifier>
    </Filter>
  </ItemGroup>
</Project>
