
Microsoft Visual Studio Solution File, Format Version 12.00
# Visual Studio Version 16
Project("{2150E333-8FDC-42A3-9474-1A3956D46DE8}") = "CMakePredefinedTargets", "CMakePredefinedTargets", "{90AAC9FC-72FE-357A-B516-81AF8365D90A}"
EndProject
Project("{8BC9CEB8-8B4A-11D0-8D11-00A0C91BC942}") = "ALL_BUILD", "ALL_BUILD.vcxproj", "{EB2E27BF-6BFD-3976-9DB3-DB931FA1BE25}"
	ProjectSection(ProjectDependencies) = postProject
		{7DFEAAC1-506B-32D7-A400-BFDC8878E7A8} = {7DFEAAC1-506B-32D7-A400-BFDC8878E7A8}
		{6E78F22B-A3D6-3259-AFB9-B6B1B2061868} = {6E78F22B-A3D6-3259-AFB9-B6B1B2061868}
		{5109691F-F498-389C-9432-B5DAC70E4BB4} = {5109691F-F498-389C-9432-B5DAC70E4BB4}
		{43843D81-DAB6-3DEF-8068-44982804EF95} = {43843D81-DAB6-3DEF-8068-44982804EF95}
		{D6010E28-49BA-333E-8044-08497BDDEEE9} = {D6010E28-49BA-333E-8044-08497BDDEEE9}
		{6038B645-9906-39A4-918B-149DAD595206} = {6038B645-9906-39A4-918B-149DAD595206}
		{5339F317-7943-3DF9-B862-A79DB08964F7} = {5339F317-7943-3DF9-B862-A79DB08964F7}
		{E6E744F7-D958-3F75-A546-B534CD7A5086} = {E6E744F7-D958-3F75-A546-B534CD7A5086}
		{30B2D634-05EE-3B29-B0E4-B0E71473A9F6} = {30B2D634-05EE-3B29-B0E4-B0E71473A9F6}
		{C9819828-C275-3D3C-924F-ADF35923BF84} = {C9819828-C275-3D3C-924F-ADF35923BF84}
		{F83D4FF6-596C-3380-8BEF-0BD854EA30E0} = {F83D4FF6-596C-3380-8BEF-0BD854EA30E0}
		{F5330243-B687-32EF-9986-566648DF1339} = {F5330243-B687-32EF-9986-566648DF1339}
		{B145E500-9C91-3B4B-8B90-4E0D9DC64811} = {B145E500-9C91-3B4B-8B90-4E0D9DC64811}
		{86E8A4D7-AC2E-38A7-9DF7-C134E18F70BF} = {86E8A4D7-AC2E-38A7-9DF7-C134E18F70BF}
		{E340E87C-9DCC-305A-BE2B-BD55387F9CD0} = {E340E87C-9DCC-305A-BE2B-BD55387F9CD0}
		{8D43454E-6777-3E09-A99E-E79F7BDE7B94} = {8D43454E-6777-3E09-A99E-E79F7BDE7B94}
		{8CEE44F8-2D9C-34BE-9398-854EF203B75B} = {8CEE44F8-2D9C-34BE-9398-854EF203B75B}
		{ECB4C553-4B8F-3331-862D-626C4AF1EB04} = {ECB4C553-4B8F-3331-862D-626C4AF1EB04}
		{54664CEF-9FEA-37DA-BC38-B3D5EF2D4936} = {54664CEF-9FEA-37DA-BC38-B3D5EF2D4936}
		{6EC7A2DA-C540-38D8-A8E9-3FFE51D91BAB} = {6EC7A2DA-C540-38D8-A8E9-3FFE51D91BAB}
		{4BAC3A9A-B4C8-3217-9AAB-6AF4F5927FB5} = {4BAC3A9A-B4C8-3217-9AAB-6AF4F5927FB5}
	EndProjectSection
EndProject
Project("{8BC9CEB8-8B4A-11D0-8D11-00A0C91BC942}") = "Detour", "dep\recastnavigation\Detour\Detour.vcxproj", "{7DFEAAC1-506B-32D7-A400-BFDC8878E7A8}"
	ProjectSection(ProjectDependencies) = postProject
		{5109691F-F498-389C-9432-B5DAC70E4BB4} = {5109691F-F498-389C-9432-B5DAC70E4BB4}
	EndProjectSection
EndProject
Project("{8BC9CEB8-8B4A-11D0-8D11-00A0C91BC942}") = "INSTALL", "INSTALL.vcxproj", "{356A1E20-32D4-35D6-AD2E-0D13A525D12D}"
	ProjectSection(ProjectDependencies) = postProject
		{EB2E27BF-6BFD-3976-9DB3-DB931FA1BE25} = {EB2E27BF-6BFD-3976-9DB3-DB931FA1BE25}
		{5109691F-F498-389C-9432-B5DAC70E4BB4} = {5109691F-F498-389C-9432-B5DAC70E4BB4}
	EndProjectSection
EndProject
Project("{8BC9CEB8-8B4A-11D0-8D11-00A0C91BC942}") = "PACKAGE", "PACKAGE.vcxproj", "{BC917FF1-F38D-3782-AA2B-A4EB4E4A0E60}"
	ProjectSection(ProjectDependencies) = postProject
		{EB2E27BF-6BFD-3976-9DB3-DB931FA1BE25} = {EB2E27BF-6BFD-3976-9DB3-DB931FA1BE25}
		{5109691F-F498-389C-9432-B5DAC70E4BB4} = {5109691F-F498-389C-9432-B5DAC70E4BB4}
	EndProjectSection
EndProject
Project("{8BC9CEB8-8B4A-11D0-8D11-00A0C91BC942}") = "Recast", "dep\recastnavigation\Recast\Recast.vcxproj", "{6E78F22B-A3D6-3259-AFB9-B6B1B2061868}"
	ProjectSection(ProjectDependencies) = postProject
		{5109691F-F498-389C-9432-B5DAC70E4BB4} = {5109691F-F498-389C-9432-B5DAC70E4BB4}
	EndProjectSection
EndProject
Project("{8BC9CEB8-8B4A-11D0-8D11-00A0C91BC942}") = "ZERO_CHECK", "ZERO_CHECK.vcxproj", "{5109691F-F498-389C-9432-B5DAC70E4BB4}"
	ProjectSection(ProjectDependencies) = postProject
	EndProjectSection
EndProject
Project("{8BC9CEB8-8B4A-11D0-8D11-00A0C91BC942}") = "ace", "dep\acelite\ace.vcxproj", "{43843D81-DAB6-3DEF-8068-44982804EF95}"
	ProjectSection(ProjectDependencies) = postProject
		{5109691F-F498-389C-9432-B5DAC70E4BB4} = {5109691F-F498-389C-9432-B5DAC70E4BB4}
	EndProjectSection
EndProject
Project("{8BC9CEB8-8B4A-11D0-8D11-00A0C91BC942}") = "bzip2", "dep\bzip2\bzip2.vcxproj", "{D6010E28-49BA-333E-8044-08497BDDEEE9}"
	ProjectSection(ProjectDependencies) = postProject
		{5109691F-F498-389C-9432-B5DAC70E4BB4} = {5109691F-F498-389C-9432-B5DAC70E4BB4}
	EndProjectSection
EndProject
Project("{8BC9CEB8-8B4A-11D0-8D11-00A0C91BC942}") = "g3dlite", "dep\g3dlite\g3dlite.vcxproj", "{6038B645-9906-39A4-918B-149DAD595206}"
	ProjectSection(ProjectDependencies) = postProject
		{5109691F-F498-389C-9432-B5DAC70E4BB4} = {5109691F-F498-389C-9432-B5DAC70E4BB4}
		{4BAC3A9A-B4C8-3217-9AAB-6AF4F5927FB5} = {4BAC3A9A-B4C8-3217-9AAB-6AF4F5927FB5}
	EndProjectSection
EndProject
Project("{8BC9CEB8-8B4A-11D0-8D11-00A0C91BC942}") = "game", "src\game\game.vcxproj", "{5339F317-7943-3DF9-B862-A79DB08964F7}"
	ProjectSection(ProjectDependencies) = postProject
		{F6E90F6C-72F7-31F4-8CDB-3FA1186975DA} = {F6E90F6C-72F7-31F4-8CDB-3FA1186975DA}
	EndProjectSection
EndProject
Project("{8BC9CEB8-8B4A-11D0-8D11-00A0C91BC942}") = "gsoap", "dep\gsoap\gsoap.vcxproj", "{E6E744F7-D958-3F75-A546-B534CD7A5086}"
	ProjectSection(ProjectDependencies) = postProject
		{5109691F-F498-389C-9432-B5DAC70E4BB4} = {5109691F-F498-389C-9432-B5DAC70E4BB4}
	EndProjectSection
EndProject
Project("{8BC9CEB8-8B4A-11D0-8D11-00A0C91BC942}") = "loadlib", "dep\loadlib\loadlib.vcxproj", "{30B2D634-05EE-3B29-B0E4-B0E71473A9F6}"
	ProjectSection(ProjectDependencies) = postProject
		{5109691F-F498-389C-9432-B5DAC70E4BB4} = {5109691F-F498-389C-9432-B5DAC70E4BB4}
		{8D43454E-6777-3E09-A99E-E79F7BDE7B94} = {8D43454E-6777-3E09-A99E-E79F7BDE7B94}
	EndProjectSection
EndProject
Project("{8BC9CEB8-8B4A-11D0-8D11-00A0C91BC942}") = "lualib", "dep\lualib\lualib.vcxproj", "{C9819828-C275-3D3C-924F-ADF35923BF84}"
	ProjectSection(ProjectDependencies) = postProject
		{5109691F-F498-389C-9432-B5DAC70E4BB4} = {5109691F-F498-389C-9432-B5DAC70E4BB4}
	EndProjectSection
EndProject
Project("{8BC9CEB8-8B4A-11D0-8D11-00A0C91BC942}") = "mangosd", "src\mangosd\mangosd.vcxproj", "{F83D4FF6-596C-3380-8BEF-0BD854EA30E0}"
	ProjectSection(ProjectDependencies) = postProject
		{7DFEAAC1-506B-32D7-A400-BFDC8878E7A8} = {7DFEAAC1-506B-32D7-A400-BFDC8878E7A8}
		{5109691F-F498-389C-9432-B5DAC70E4BB4} = {5109691F-F498-389C-9432-B5DAC70E4BB4}
		{43843D81-DAB6-3DEF-8068-44982804EF95} = {43843D81-DAB6-3DEF-8068-44982804EF95}
		{6038B645-9906-39A4-918B-149DAD595206} = {6038B645-9906-39A4-918B-149DAD595206}
		{5339F317-7943-3DF9-B862-A79DB08964F7} = {5339F317-7943-3DF9-B862-A79DB08964F7}
		{E6E744F7-D958-3F75-A546-B534CD7A5086} = {E6E744F7-D958-3F75-A546-B534CD7A5086}
		{C9819828-C275-3D3C-924F-ADF35923BF84} = {C9819828-C275-3D3C-924F-ADF35923BF84}
		{E340E87C-9DCC-305A-BE2B-BD55387F9CD0} = {E340E87C-9DCC-305A-BE2B-BD55387F9CD0}
		{4BAC3A9A-B4C8-3217-9AAB-6AF4F5927FB5} = {4BAC3A9A-B4C8-3217-9AAB-6AF4F5927FB5}
	EndProjectSection
EndProject
Project("{8BC9CEB8-8B4A-11D0-8D11-00A0C91BC942}") = "mangosscript", "src\modules\SD3\mangosscript.vcxproj", "{F6E90F6C-72F7-31F4-8CDB-3FA1186975DA}"
	ProjectSection(ProjectDependencies) = postProject
		{7DFEAAC1-506B-32D7-A400-BFDC8878E7A8} = {7DFEAAC1-506B-32D7-A400-BFDC8878E7A8}
		{5109691F-F498-389C-9432-B5DAC70E4BB4} = {5109691F-F498-389C-9432-B5DAC70E4BB4}
		{43843D81-DAB6-3DEF-8068-44982804EF95} = {43843D81-DAB6-3DEF-8068-44982804EF95}
		{6038B645-9906-39A4-918B-149DAD595206} = {6038B645-9906-39A4-918B-149DAD595206}
		{C9819828-C275-3D3C-924F-ADF35923BF84} = {C9819828-C275-3D3C-924F-ADF35923BF84}
		{E340E87C-9DCC-305A-BE2B-BD55387F9CD0} = {E340E87C-9DCC-305A-BE2B-BD55387F9CD0}
		{4BAC3A9A-B4C8-3217-9AAB-6AF4F5927FB5} = {4BAC3A9A-B4C8-3217-9AAB-6AF4F5927FB5}
	EndProjectSection
EndProject
Project("{8BC9CEB8-8B4A-11D0-8D11-00A0C91BC942}") = "map-extractor", "src\tools\Extractor_projects\map-extractor.vcxproj", "{F5330243-B687-32EF-9986-566648DF1339}"
	ProjectSection(ProjectDependencies) = postProject
		{5109691F-F498-389C-9432-B5DAC70E4BB4} = {5109691F-F498-389C-9432-B5DAC70E4BB4}
		{30B2D634-05EE-3B29-B0E4-B0E71473A9F6} = {30B2D634-05EE-3B29-B0E4-B0E71473A9F6}
		{8D43454E-6777-3E09-A99E-E79F7BDE7B94} = {8D43454E-6777-3E09-A99E-E79F7BDE7B94}
	EndProjectSection
EndProject
Project("{8BC9CEB8-8B4A-11D0-8D11-00A0C91BC942}") = "mmap-extractor", "src\tools\Extractor_projects\mmap-extractor.vcxproj", "{B145E500-9C91-3B4B-8B90-4E0D9DC64811}"
	ProjectSection(ProjectDependencies) = postProject
		{7DFEAAC1-506B-32D7-A400-BFDC8878E7A8} = {7DFEAAC1-506B-32D7-A400-BFDC8878E7A8}
		{6E78F22B-A3D6-3259-AFB9-B6B1B2061868} = {6E78F22B-A3D6-3259-AFB9-B6B1B2061868}
		{5109691F-F498-389C-9432-B5DAC70E4BB4} = {5109691F-F498-389C-9432-B5DAC70E4BB4}
		{43843D81-DAB6-3DEF-8068-44982804EF95} = {43843D81-DAB6-3DEF-8068-44982804EF95}
		{6038B645-9906-39A4-918B-149DAD595206} = {6038B645-9906-39A4-918B-149DAD595206}
		{30B2D634-05EE-3B29-B0E4-B0E71473A9F6} = {30B2D634-05EE-3B29-B0E4-B0E71473A9F6}
		{E340E87C-9DCC-305A-BE2B-BD55387F9CD0} = {E340E87C-9DCC-305A-BE2B-BD55387F9CD0}
		{8D43454E-6777-3E09-A99E-E79F7BDE7B94} = {8D43454E-6777-3E09-A99E-E79F7BDE7B94}
		{6EC7A2DA-C540-38D8-A8E9-3FFE51D91BAB} = {6EC7A2DA-C540-38D8-A8E9-3FFE51D91BAB}
		{4BAC3A9A-B4C8-3217-9AAB-6AF4F5927FB5} = {4BAC3A9A-B4C8-3217-9AAB-6AF4F5927FB5}
	EndProjectSection
EndProject
Project("{8BC9CEB8-8B4A-11D0-8D11-00A0C91BC942}") = "realmd", "src\realmd\realmd.vcxproj", "{86E8A4D7-AC2E-38A7-9DF7-C134E18F70BF}"
	ProjectSection(ProjectDependencies) = postProject
		{5109691F-F498-389C-9432-B5DAC70E4BB4} = {5109691F-F498-389C-9432-B5DAC70E4BB4}
		{43843D81-DAB6-3DEF-8068-44982804EF95} = {43843D81-DAB6-3DEF-8068-44982804EF95}
		{E340E87C-9DCC-305A-BE2B-BD55387F9CD0} = {E340E87C-9DCC-305A-BE2B-BD55387F9CD0}
	EndProjectSection
EndProject
Project("{8BC9CEB8-8B4A-11D0-8D11-00A0C91BC942}") = "shared", "src\shared\shared.vcxproj", "{E340E87C-9DCC-305A-BE2B-BD55387F9CD0}"
	ProjectSection(ProjectDependencies) = postProject
		{5109691F-F498-389C-9432-B5DAC70E4BB4} = {5109691F-F498-389C-9432-B5DAC70E4BB4}
		{43843D81-DAB6-3DEF-8068-44982804EF95} = {43843D81-DAB6-3DEF-8068-44982804EF95}
	EndProjectSection
EndProject
Project("{8BC9CEB8-8B4A-11D0-8D11-00A0C91BC942}") = "stormlib", "dep\StormLib\stormlib.vcxproj", "{8D43454E-6777-3E09-A99E-E79F7BDE7B94}"
	ProjectSection(ProjectDependencies) = postProject
		{5109691F-F498-389C-9432-B5DAC70E4BB4} = {5109691F-F498-389C-9432-B5DAC70E4BB4}
	EndProjectSection
EndProject
Project("{8BC9CEB8-8B4A-11D0-8D11-00A0C91BC942}") = "tomcrypt", "dep\tomlib\Crypt\tomcrypt.vcxproj", "{8CEE44F8-2D9C-34BE-9398-854EF203B75B}"
	ProjectSection(ProjectDependencies) = postProject
		{5109691F-F498-389C-9432-B5DAC70E4BB4} = {5109691F-F498-389C-9432-B5DAC70E4BB4}
	EndProjectSection
EndProject
Project("{8BC9CEB8-8B4A-11D0-8D11-00A0C91BC942}") = "tommath", "dep\tomlib\Math\tommath.vcxproj", "{ECB4C553-4B8F-3331-862D-626C4AF1EB04}"
	ProjectSection(ProjectDependencies) = postProject
		{5109691F-F498-389C-9432-B5DAC70E4BB4} = {5109691F-F498-389C-9432-B5DAC70E4BB4}
	EndProjectSection
EndProject
Project("{8BC9CEB8-8B4A-11D0-8D11-00A0C91BC942}") = "vmap-extractor", "src\tools\Extractor_projects\vmap-extractor.vcxproj", "{54664CEF-9FEA-37DA-BC38-B3D5EF2D4936}"
	ProjectSection(ProjectDependencies) = postProject
		{7DFEAAC1-506B-32D7-A400-BFDC8878E7A8} = {7DFEAAC1-506B-32D7-A400-BFDC8878E7A8}
		{5109691F-F498-389C-9432-B5DAC70E4BB4} = {5109691F-F498-389C-9432-B5DAC70E4BB4}
		{43843D81-DAB6-3DEF-8068-44982804EF95} = {43843D81-DAB6-3DEF-8068-44982804EF95}
		{6038B645-9906-39A4-918B-149DAD595206} = {6038B645-9906-39A4-918B-149DAD595206}
		{30B2D634-05EE-3B29-B0E4-B0E71473A9F6} = {30B2D634-05EE-3B29-B0E4-B0E71473A9F6}
		{E340E87C-9DCC-305A-BE2B-BD55387F9CD0} = {E340E87C-9DCC-305A-BE2B-BD55387F9CD0}
		{8D43454E-6777-3E09-A99E-E79F7BDE7B94} = {8D43454E-6777-3E09-A99E-E79F7BDE7B94}
		{6EC7A2DA-C540-38D8-A8E9-3FFE51D91BAB} = {6EC7A2DA-C540-38D8-A8E9-3FFE51D91BAB}
		{4BAC3A9A-B4C8-3217-9AAB-6AF4F5927FB5} = {4BAC3A9A-B4C8-3217-9AAB-6AF4F5927FB5}
	EndProjectSection
EndProject
Project("{8BC9CEB8-8B4A-11D0-8D11-00A0C91BC942}") = "vmap2", "src\game\vmap2.vcxproj", "{6EC7A2DA-C540-38D8-A8E9-3FFE51D91BAB}"
	ProjectSection(ProjectDependencies) = postProject
		{7DFEAAC1-506B-32D7-A400-BFDC8878E7A8} = {7DFEAAC1-506B-32D7-A400-BFDC8878E7A8}
		{5109691F-F498-389C-9432-B5DAC70E4BB4} = {5109691F-F498-389C-9432-B5DAC70E4BB4}
		{43843D81-DAB6-3DEF-8068-44982804EF95} = {43843D81-DAB6-3DEF-8068-44982804EF95}
		{6038B645-9906-39A4-918B-149DAD595206} = {6038B645-9906-39A4-918B-149DAD595206}
		{E340E87C-9DCC-305A-BE2B-BD55387F9CD0} = {E340E87C-9DCC-305A-BE2B-BD55387F9CD0}
		{4BAC3A9A-B4C8-3217-9AAB-6AF4F5927FB5} = {4BAC3A9A-B4C8-3217-9AAB-6AF4F5927FB5}
	EndProjectSection
EndProject
Project("{8BC9CEB8-8B4A-11D0-8D11-00A0C91BC942}") = "zlib", "dep\zlib\zlib.vcxproj", "{4BAC3A9A-B4C8-3217-9AAB-6AF4F5927FB5}"
	ProjectSection(ProjectDependencies) = postProject
		{5109691F-F498-389C-9432-B5DAC70E4BB4} = {5109691F-F498-389C-9432-B5DAC70E4BB4}
	EndProjectSection
EndProject
Global
	GlobalSection(SolutionConfigurationPlatforms) = preSolution
		Debug|x64 = Debug|x64
		Release|x64 = Release|x64
		MinSizeRel|x64 = MinSizeRel|x64
		RelWithDebInfo|x64 = RelWithDebInfo|x64
	EndGlobalSection
	GlobalSection(ProjectConfigurationPlatforms) = postSolution
		{EB2E27BF-6BFD-3976-9DB3-DB931FA1BE25}.Debug|x64.ActiveCfg = Debug|x64
		{EB2E27BF-6BFD-3976-9DB3-DB931FA1BE25}.Debug|x64.Build.0 = Debug|x64
		{EB2E27BF-6BFD-3976-9DB3-DB931FA1BE25}.Release|x64.ActiveCfg = Release|x64
		{EB2E27BF-6BFD-3976-9DB3-DB931FA1BE25}.Release|x64.Build.0 = Release|x64
		{EB2E27BF-6BFD-3976-9DB3-DB931FA1BE25}.MinSizeRel|x64.ActiveCfg = MinSizeRel|x64
		{EB2E27BF-6BFD-3976-9DB3-DB931FA1BE25}.MinSizeRel|x64.Build.0 = MinSizeRel|x64
		{EB2E27BF-6BFD-3976-9DB3-DB931FA1BE25}.RelWithDebInfo|x64.ActiveCfg = RelWithDebInfo|x64
		{EB2E27BF-6BFD-3976-9DB3-DB931FA1BE25}.RelWithDebInfo|x64.Build.0 = RelWithDebInfo|x64
		{7DFEAAC1-506B-32D7-A400-BFDC8878E7A8}.Debug|x64.ActiveCfg = Debug|x64
		{7DFEAAC1-506B-32D7-A400-BFDC8878E7A8}.Debug|x64.Build.0 = Debug|x64
		{7DFEAAC1-506B-32D7-A400-BFDC8878E7A8}.Release|x64.ActiveCfg = Release|x64
		{7DFEAAC1-506B-32D7-A400-BFDC8878E7A8}.Release|x64.Build.0 = Release|x64
		{7DFEAAC1-506B-32D7-A400-BFDC8878E7A8}.MinSizeRel|x64.ActiveCfg = MinSizeRel|x64
		{7DFEAAC1-506B-32D7-A400-BFDC8878E7A8}.MinSizeRel|x64.Build.0 = MinSizeRel|x64
		{7DFEAAC1-506B-32D7-A400-BFDC8878E7A8}.RelWithDebInfo|x64.ActiveCfg = RelWithDebInfo|x64
		{7DFEAAC1-506B-32D7-A400-BFDC8878E7A8}.RelWithDebInfo|x64.Build.0 = RelWithDebInfo|x64
		{356A1E20-32D4-35D6-AD2E-0D13A525D12D}.Debug|x64.ActiveCfg = Debug|x64
		{356A1E20-32D4-35D6-AD2E-0D13A525D12D}.Debug|x64.Build.0 = Debug|x64
		{356A1E20-32D4-35D6-AD2E-0D13A525D12D}.Release|x64.ActiveCfg = Release|x64
		{356A1E20-32D4-35D6-AD2E-0D13A525D12D}.Release|x64.Build.0 = Release|x64
		{356A1E20-32D4-35D6-AD2E-0D13A525D12D}.MinSizeRel|x64.ActiveCfg = MinSizeRel|x64
		{356A1E20-32D4-35D6-AD2E-0D13A525D12D}.MinSizeRel|x64.Build.0 = MinSizeRel|x64
		{356A1E20-32D4-35D6-AD2E-0D13A525D12D}.RelWithDebInfo|x64.ActiveCfg = RelWithDebInfo|x64
		{356A1E20-32D4-35D6-AD2E-0D13A525D12D}.RelWithDebInfo|x64.Build.0 = RelWithDebInfo|x64
		{BC917FF1-F38D-3782-AA2B-A4EB4E4A0E60}.Debug|x64.ActiveCfg = Debug|x64
		{BC917FF1-F38D-3782-AA2B-A4EB4E4A0E60}.Release|x64.ActiveCfg = Release|x64
		{BC917FF1-F38D-3782-AA2B-A4EB4E4A0E60}.MinSizeRel|x64.ActiveCfg = MinSizeRel|x64
		{BC917FF1-F38D-3782-AA2B-A4EB4E4A0E60}.RelWithDebInfo|x64.ActiveCfg = RelWithDebInfo|x64
		{6E78F22B-A3D6-3259-AFB9-B6B1B2061868}.Debug|x64.ActiveCfg = Debug|x64
		{6E78F22B-A3D6-3259-AFB9-B6B1B2061868}.Debug|x64.Build.0 = Debug|x64
		{6E78F22B-A3D6-3259-AFB9-B6B1B2061868}.Release|x64.ActiveCfg = Release|x64
		{6E78F22B-A3D6-3259-AFB9-B6B1B2061868}.Release|x64.Build.0 = Release|x64
		{6E78F22B-A3D6-3259-AFB9-B6B1B2061868}.MinSizeRel|x64.ActiveCfg = MinSizeRel|x64
		{6E78F22B-A3D6-3259-AFB9-B6B1B2061868}.MinSizeRel|x64.Build.0 = MinSizeRel|x64
		{6E78F22B-A3D6-3259-AFB9-B6B1B2061868}.RelWithDebInfo|x64.ActiveCfg = RelWithDebInfo|x64
		{6E78F22B-A3D6-3259-AFB9-B6B1B2061868}.RelWithDebInfo|x64.Build.0 = RelWithDebInfo|x64
		{5109691F-F498-389C-9432-B5DAC70E4BB4}.Debug|x64.ActiveCfg = Debug|x64
		{5109691F-F498-389C-9432-B5DAC70E4BB4}.Debug|x64.Build.0 = Debug|x64
		{5109691F-F498-389C-9432-B5DAC70E4BB4}.Release|x64.ActiveCfg = Release|x64
		{5109691F-F498-389C-9432-B5DAC70E4BB4}.Release|x64.Build.0 = Release|x64
		{5109691F-F498-389C-9432-B5DAC70E4BB4}.MinSizeRel|x64.ActiveCfg = MinSizeRel|x64
		{5109691F-F498-389C-9432-B5DAC70E4BB4}.MinSizeRel|x64.Build.0 = MinSizeRel|x64
		{5109691F-F498-389C-9432-B5DAC70E4BB4}.RelWithDebInfo|x64.ActiveCfg = RelWithDebInfo|x64
		{5109691F-F498-389C-9432-B5DAC70E4BB4}.RelWithDebInfo|x64.Build.0 = RelWithDebInfo|x64
		{43843D81-DAB6-3DEF-8068-44982804EF95}.Debug|x64.ActiveCfg = Debug|x64
		{43843D81-DAB6-3DEF-8068-44982804EF95}.Debug|x64.Build.0 = Debug|x64
		{43843D81-DAB6-3DEF-8068-44982804EF95}.Release|x64.ActiveCfg = Release|x64
		{43843D81-DAB6-3DEF-8068-44982804EF95}.Release|x64.Build.0 = Release|x64
		{43843D81-DAB6-3DEF-8068-44982804EF95}.MinSizeRel|x64.ActiveCfg = MinSizeRel|x64
		{43843D81-DAB6-3DEF-8068-44982804EF95}.MinSizeRel|x64.Build.0 = MinSizeRel|x64
		{43843D81-DAB6-3DEF-8068-44982804EF95}.RelWithDebInfo|x64.ActiveCfg = RelWithDebInfo|x64
		{43843D81-DAB6-3DEF-8068-44982804EF95}.RelWithDebInfo|x64.Build.0 = RelWithDebInfo|x64
		{D6010E28-49BA-333E-8044-08497BDDEEE9}.Debug|x64.ActiveCfg = Debug|x64
		{D6010E28-49BA-333E-8044-08497BDDEEE9}.Debug|x64.Build.0 = Debug|x64
		{D6010E28-49BA-333E-8044-08497BDDEEE9}.Release|x64.ActiveCfg = Release|x64
		{D6010E28-49BA-333E-8044-08497BDDEEE9}.Release|x64.Build.0 = Release|x64
		{D6010E28-49BA-333E-8044-08497BDDEEE9}.MinSizeRel|x64.ActiveCfg = MinSizeRel|x64
		{D6010E28-49BA-333E-8044-08497BDDEEE9}.MinSizeRel|x64.Build.0 = MinSizeRel|x64
		{D6010E28-49BA-333E-8044-08497BDDEEE9}.RelWithDebInfo|x64.ActiveCfg = RelWithDebInfo|x64
		{D6010E28-49BA-333E-8044-08497BDDEEE9}.RelWithDebInfo|x64.Build.0 = RelWithDebInfo|x64
		{6038B645-9906-39A4-918B-149DAD595206}.Debug|x64.ActiveCfg = Debug|x64
		{6038B645-9906-39A4-918B-149DAD595206}.Debug|x64.Build.0 = Debug|x64
		{6038B645-9906-39A4-918B-149DAD595206}.Release|x64.ActiveCfg = Release|x64
		{6038B645-9906-39A4-918B-149DAD595206}.Release|x64.Build.0 = Release|x64
		{6038B645-9906-39A4-918B-149DAD595206}.MinSizeRel|x64.ActiveCfg = MinSizeRel|x64
		{6038B645-9906-39A4-918B-149DAD595206}.MinSizeRel|x64.Build.0 = MinSizeRel|x64
		{6038B645-9906-39A4-918B-149DAD595206}.RelWithDebInfo|x64.ActiveCfg = RelWithDebInfo|x64
		{6038B645-9906-39A4-918B-149DAD595206}.RelWithDebInfo|x64.Build.0 = RelWithDebInfo|x64
		{5339F317-7943-3DF9-B862-A79DB08964F7}.Debug|x64.ActiveCfg = Debug|x64
		{5339F317-7943-3DF9-B862-A79DB08964F7}.Debug|x64.Build.0 = Debug|x64
		{5339F317-7943-3DF9-B862-A79DB08964F7}.Release|x64.ActiveCfg = Release|x64
		{5339F317-7943-3DF9-B862-A79DB08964F7}.Release|x64.Build.0 = Release|x64
		{5339F317-7943-3DF9-B862-A79DB08964F7}.MinSizeRel|x64.ActiveCfg = MinSizeRel|x64
		{5339F317-7943-3DF9-B862-A79DB08964F7}.MinSizeRel|x64.Build.0 = MinSizeRel|x64
		{5339F317-7943-3DF9-B862-A79DB08964F7}.RelWithDebInfo|x64.ActiveCfg = RelWithDebInfo|x64
		{5339F317-7943-3DF9-B862-A79DB08964F7}.RelWithDebInfo|x64.Build.0 = RelWithDebInfo|x64
		{E6E744F7-D958-3F75-A546-B534CD7A5086}.Debug|x64.ActiveCfg = Debug|x64
		{E6E744F7-D958-3F75-A546-B534CD7A5086}.Debug|x64.Build.0 = Debug|x64
		{E6E744F7-D958-3F75-A546-B534CD7A5086}.Release|x64.ActiveCfg = Release|x64
		{E6E744F7-D958-3F75-A546-B534CD7A5086}.Release|x64.Build.0 = Release|x64
		{E6E744F7-D958-3F75-A546-B534CD7A5086}.MinSizeRel|x64.ActiveCfg = MinSizeRel|x64
		{E6E744F7-D958-3F75-A546-B534CD7A5086}.MinSizeRel|x64.Build.0 = MinSizeRel|x64
		{E6E744F7-D958-3F75-A546-B534CD7A5086}.RelWithDebInfo|x64.ActiveCfg = RelWithDebInfo|x64
		{E6E744F7-D958-3F75-A546-B534CD7A5086}.RelWithDebInfo|x64.Build.0 = RelWithDebInfo|x64
		{30B2D634-05EE-3B29-B0E4-B0E71473A9F6}.Debug|x64.ActiveCfg = Debug|x64
		{30B2D634-05EE-3B29-B0E4-B0E71473A9F6}.Debug|x64.Build.0 = Debug|x64
		{30B2D634-05EE-3B29-B0E4-B0E71473A9F6}.Release|x64.ActiveCfg = Release|x64
		{30B2D634-05EE-3B29-B0E4-B0E71473A9F6}.Release|x64.Build.0 = Release|x64
		{30B2D634-05EE-3B29-B0E4-B0E71473A9F6}.MinSizeRel|x64.ActiveCfg = MinSizeRel|x64
		{30B2D634-05EE-3B29-B0E4-B0E71473A9F6}.MinSizeRel|x64.Build.0 = MinSizeRel|x64
		{30B2D634-05EE-3B29-B0E4-B0E71473A9F6}.RelWithDebInfo|x64.ActiveCfg = RelWithDebInfo|x64
		{30B2D634-05EE-3B29-B0E4-B0E71473A9F6}.RelWithDebInfo|x64.Build.0 = RelWithDebInfo|x64
		{C9819828-C275-3D3C-924F-ADF35923BF84}.Debug|x64.ActiveCfg = Debug|x64
		{C9819828-C275-3D3C-924F-ADF35923BF84}.Debug|x64.Build.0 = Debug|x64
		{C9819828-C275-3D3C-924F-ADF35923BF84}.Release|x64.ActiveCfg = Release|x64
		{C9819828-C275-3D3C-924F-ADF35923BF84}.Release|x64.Build.0 = Release|x64
		{C9819828-C275-3D3C-924F-ADF35923BF84}.MinSizeRel|x64.ActiveCfg = MinSizeRel|x64
		{C9819828-C275-3D3C-924F-ADF35923BF84}.MinSizeRel|x64.Build.0 = MinSizeRel|x64
		{C9819828-C275-3D3C-924F-ADF35923BF84}.RelWithDebInfo|x64.ActiveCfg = RelWithDebInfo|x64
		{C9819828-C275-3D3C-924F-ADF35923BF84}.RelWithDebInfo|x64.Build.0 = RelWithDebInfo|x64
		{F83D4FF6-596C-3380-8BEF-0BD854EA30E0}.Debug|x64.ActiveCfg = Debug|x64
		{F83D4FF6-596C-3380-8BEF-0BD854EA30E0}.Debug|x64.Build.0 = Debug|x64
		{F83D4FF6-596C-3380-8BEF-0BD854EA30E0}.Release|x64.ActiveCfg = Release|x64
		{F83D4FF6-596C-3380-8BEF-0BD854EA30E0}.Release|x64.Build.0 = Release|x64
		{F83D4FF6-596C-3380-8BEF-0BD854EA30E0}.MinSizeRel|x64.ActiveCfg = MinSizeRel|x64
		{F83D4FF6-596C-3380-8BEF-0BD854EA30E0}.MinSizeRel|x64.Build.0 = MinSizeRel|x64
		{F83D4FF6-596C-3380-8BEF-0BD854EA30E0}.RelWithDebInfo|x64.ActiveCfg = RelWithDebInfo|x64
		{F83D4FF6-596C-3380-8BEF-0BD854EA30E0}.RelWithDebInfo|x64.Build.0 = RelWithDebInfo|x64
		{F6E90F6C-72F7-31F4-8CDB-3FA1186975DA}.Debug|x64.ActiveCfg = Debug|x64
		{F6E90F6C-72F7-31F4-8CDB-3FA1186975DA}.Debug|x64.Build.0 = Debug|x64
		{F6E90F6C-72F7-31F4-8CDB-3FA1186975DA}.Release|x64.ActiveCfg = Release|x64
		{F6E90F6C-72F7-31F4-8CDB-3FA1186975DA}.Release|x64.Build.0 = Release|x64
		{F6E90F6C-72F7-31F4-8CDB-3FA1186975DA}.MinSizeRel|x64.ActiveCfg = MinSizeRel|x64
		{F6E90F6C-72F7-31F4-8CDB-3FA1186975DA}.MinSizeRel|x64.Build.0 = MinSizeRel|x64
		{F6E90F6C-72F7-31F4-8CDB-3FA1186975DA}.RelWithDebInfo|x64.ActiveCfg = RelWithDebInfo|x64
		{F6E90F6C-72F7-31F4-8CDB-3FA1186975DA}.RelWithDebInfo|x64.Build.0 = RelWithDebInfo|x64
		{F5330243-B687-32EF-9986-566648DF1339}.Debug|x64.ActiveCfg = Debug|x64
		{F5330243-B687-32EF-9986-566648DF1339}.Debug|x64.Build.0 = Debug|x64
		{F5330243-B687-32EF-9986-566648DF1339}.Release|x64.ActiveCfg = Release|x64
		{F5330243-B687-32EF-9986-566648DF1339}.Release|x64.Build.0 = Release|x64
		{F5330243-B687-32EF-9986-566648DF1339}.MinSizeRel|x64.ActiveCfg = MinSizeRel|x64
		{F5330243-B687-32EF-9986-566648DF1339}.MinSizeRel|x64.Build.0 = MinSizeRel|x64
		{F5330243-B687-32EF-9986-566648DF1339}.RelWithDebInfo|x64.ActiveCfg = RelWithDebInfo|x64
		{F5330243-B687-32EF-9986-566648DF1339}.RelWithDebInfo|x64.Build.0 = RelWithDebInfo|x64
		{B145E500-9C91-3B4B-8B90-4E0D9DC64811}.Debug|x64.ActiveCfg = Debug|x64
		{B145E500-9C91-3B4B-8B90-4E0D9DC64811}.Debug|x64.Build.0 = Debug|x64
		{B145E500-9C91-3B4B-8B90-4E0D9DC64811}.Release|x64.ActiveCfg = Release|x64
		{B145E500-9C91-3B4B-8B90-4E0D9DC64811}.Release|x64.Build.0 = Release|x64
		{B145E500-9C91-3B4B-8B90-4E0D9DC64811}.MinSizeRel|x64.ActiveCfg = MinSizeRel|x64
		{B145E500-9C91-3B4B-8B90-4E0D9DC64811}.MinSizeRel|x64.Build.0 = MinSizeRel|x64
		{B145E500-9C91-3B4B-8B90-4E0D9DC64811}.RelWithDebInfo|x64.ActiveCfg = RelWithDebInfo|x64
		{B145E500-9C91-3B4B-8B90-4E0D9DC64811}.RelWithDebInfo|x64.Build.0 = RelWithDebInfo|x64
		{86E8A4D7-AC2E-38A7-9DF7-C134E18F70BF}.Debug|x64.ActiveCfg = Debug|x64
		{86E8A4D7-AC2E-38A7-9DF7-C134E18F70BF}.Debug|x64.Build.0 = Debug|x64
		{86E8A4D7-AC2E-38A7-9DF7-C134E18F70BF}.Release|x64.ActiveCfg = Release|x64
		{86E8A4D7-AC2E-38A7-9DF7-C134E18F70BF}.Release|x64.Build.0 = Release|x64
		{86E8A4D7-AC2E-38A7-9DF7-C134E18F70BF}.MinSizeRel|x64.ActiveCfg = MinSizeRel|x64
		{86E8A4D7-AC2E-38A7-9DF7-C134E18F70BF}.MinSizeRel|x64.Build.0 = MinSizeRel|x64
		{86E8A4D7-AC2E-38A7-9DF7-C134E18F70BF}.RelWithDebInfo|x64.ActiveCfg = RelWithDebInfo|x64
		{86E8A4D7-AC2E-38A7-9DF7-C134E18F70BF}.RelWithDebInfo|x64.Build.0 = RelWithDebInfo|x64
		{E340E87C-9DCC-305A-BE2B-BD55387F9CD0}.Debug|x64.ActiveCfg = Debug|x64
		{E340E87C-9DCC-305A-BE2B-BD55387F9CD0}.Debug|x64.Build.0 = Debug|x64
		{E340E87C-9DCC-305A-BE2B-BD55387F9CD0}.Release|x64.ActiveCfg = Release|x64
		{E340E87C-9DCC-305A-BE2B-BD55387F9CD0}.Release|x64.Build.0 = Release|x64
		{E340E87C-9DCC-305A-BE2B-BD55387F9CD0}.MinSizeRel|x64.ActiveCfg = MinSizeRel|x64
		{E340E87C-9DCC-305A-BE2B-BD55387F9CD0}.MinSizeRel|x64.Build.0 = MinSizeRel|x64
		{E340E87C-9DCC-305A-BE2B-BD55387F9CD0}.RelWithDebInfo|x64.ActiveCfg = RelWithDebInfo|x64
		{E340E87C-9DCC-305A-BE2B-BD55387F9CD0}.RelWithDebInfo|x64.Build.0 = RelWithDebInfo|x64
		{8D43454E-6777-3E09-A99E-E79F7BDE7B94}.Debug|x64.ActiveCfg = Debug|x64
		{8D43454E-6777-3E09-A99E-E79F7BDE7B94}.Debug|x64.Build.0 = Debug|x64
		{8D43454E-6777-3E09-A99E-E79F7BDE7B94}.Release|x64.ActiveCfg = Release|x64
		{8D43454E-6777-3E09-A99E-E79F7BDE7B94}.Release|x64.Build.0 = Release|x64
		{8D43454E-6777-3E09-A99E-E79F7BDE7B94}.MinSizeRel|x64.ActiveCfg = MinSizeRel|x64
		{8D43454E-6777-3E09-A99E-E79F7BDE7B94}.MinSizeRel|x64.Build.0 = MinSizeRel|x64
		{8D43454E-6777-3E09-A99E-E79F7BDE7B94}.RelWithDebInfo|x64.ActiveCfg = RelWithDebInfo|x64
		{8D43454E-6777-3E09-A99E-E79F7BDE7B94}.RelWithDebInfo|x64.Build.0 = RelWithDebInfo|x64
		{8CEE44F8-2D9C-34BE-9398-854EF203B75B}.Debug|x64.ActiveCfg = Debug|x64
		{8CEE44F8-2D9C-34BE-9398-854EF203B75B}.Debug|x64.Build.0 = Debug|x64
		{8CEE44F8-2D9C-34BE-9398-854EF203B75B}.Release|x64.ActiveCfg = Release|x64
		{8CEE44F8-2D9C-34BE-9398-854EF203B75B}.Release|x64.Build.0 = Release|x64
		{8CEE44F8-2D9C-34BE-9398-854EF203B75B}.MinSizeRel|x64.ActiveCfg = MinSizeRel|x64
		{8CEE44F8-2D9C-34BE-9398-854EF203B75B}.MinSizeRel|x64.Build.0 = MinSizeRel|x64
		{8CEE44F8-2D9C-34BE-9398-854EF203B75B}.RelWithDebInfo|x64.ActiveCfg = RelWithDebInfo|x64
		{8CEE44F8-2D9C-34BE-9398-854EF203B75B}.RelWithDebInfo|x64.Build.0 = RelWithDebInfo|x64
		{ECB4C553-4B8F-3331-862D-626C4AF1EB04}.Debug|x64.ActiveCfg = Debug|x64
		{ECB4C553-4B8F-3331-862D-626C4AF1EB04}.Debug|x64.Build.0 = Debug|x64
		{ECB4C553-4B8F-3331-862D-626C4AF1EB04}.Release|x64.ActiveCfg = Release|x64
		{ECB4C553-4B8F-3331-862D-626C4AF1EB04}.Release|x64.Build.0 = Release|x64
		{ECB4C553-4B8F-3331-862D-626C4AF1EB04}.MinSizeRel|x64.ActiveCfg = MinSizeRel|x64
		{ECB4C553-4B8F-3331-862D-626C4AF1EB04}.MinSizeRel|x64.Build.0 = MinSizeRel|x64
		{ECB4C553-4B8F-3331-862D-626C4AF1EB04}.RelWithDebInfo|x64.ActiveCfg = RelWithDebInfo|x64
		{ECB4C553-4B8F-3331-862D-626C4AF1EB04}.RelWithDebInfo|x64.Build.0 = RelWithDebInfo|x64
		{54664CEF-9FEA-37DA-BC38-B3D5EF2D4936}.Debug|x64.ActiveCfg = Debug|x64
		{54664CEF-9FEA-37DA-BC38-B3D5EF2D4936}.Debug|x64.Build.0 = Debug|x64
		{54664CEF-9FEA-37DA-BC38-B3D5EF2D4936}.Release|x64.ActiveCfg = Release|x64
		{54664CEF-9FEA-37DA-BC38-B3D5EF2D4936}.Release|x64.Build.0 = Release|x64
		{54664CEF-9FEA-37DA-BC38-B3D5EF2D4936}.MinSizeRel|x64.ActiveCfg = MinSizeRel|x64
		{54664CEF-9FEA-37DA-BC38-B3D5EF2D4936}.MinSizeRel|x64.Build.0 = MinSizeRel|x64
		{54664CEF-9FEA-37DA-BC38-B3D5EF2D4936}.RelWithDebInfo|x64.ActiveCfg = RelWithDebInfo|x64
		{54664CEF-9FEA-37DA-BC38-B3D5EF2D4936}.RelWithDebInfo|x64.Build.0 = RelWithDebInfo|x64
		{6EC7A2DA-C540-38D8-A8E9-3FFE51D91BAB}.Debug|x64.ActiveCfg = Debug|x64
		{6EC7A2DA-C540-38D8-A8E9-3FFE51D91BAB}.Debug|x64.Build.0 = Debug|x64
		{6EC7A2DA-C540-38D8-A8E9-3FFE51D91BAB}.Release|x64.ActiveCfg = Release|x64
		{6EC7A2DA-C540-38D8-A8E9-3FFE51D91BAB}.Release|x64.Build.0 = Release|x64
		{6EC7A2DA-C540-38D8-A8E9-3FFE51D91BAB}.MinSizeRel|x64.ActiveCfg = MinSizeRel|x64
		{6EC7A2DA-C540-38D8-A8E9-3FFE51D91BAB}.MinSizeRel|x64.Build.0 = MinSizeRel|x64
		{6EC7A2DA-C540-38D8-A8E9-3FFE51D91BAB}.RelWithDebInfo|x64.ActiveCfg = RelWithDebInfo|x64
		{6EC7A2DA-C540-38D8-A8E9-3FFE51D91BAB}.RelWithDebInfo|x64.Build.0 = RelWithDebInfo|x64
		{4BAC3A9A-B4C8-3217-9AAB-6AF4F5927FB5}.Debug|x64.ActiveCfg = Debug|x64
		{4BAC3A9A-B4C8-3217-9AAB-6AF4F5927FB5}.Debug|x64.Build.0 = Debug|x64
		{4BAC3A9A-B4C8-3217-9AAB-6AF4F5927FB5}.Release|x64.ActiveCfg = Release|x64
		{4BAC3A9A-B4C8-3217-9AAB-6AF4F5927FB5}.Release|x64.Build.0 = Release|x64
		{4BAC3A9A-B4C8-3217-9AAB-6AF4F5927FB5}.MinSizeRel|x64.ActiveCfg = MinSizeRel|x64
		{4BAC3A9A-B4C8-3217-9AAB-6AF4F5927FB5}.MinSizeRel|x64.Build.0 = MinSizeRel|x64
		{4BAC3A9A-B4C8-3217-9AAB-6AF4F5927FB5}.RelWithDebInfo|x64.ActiveCfg = RelWithDebInfo|x64
		{4BAC3A9A-B4C8-3217-9AAB-6AF4F5927FB5}.RelWithDebInfo|x64.Build.0 = RelWithDebInfo|x64
	EndGlobalSection
	GlobalSection(NestedProjects) = preSolution
		{EB2E27BF-6BFD-3976-9DB3-DB931FA1BE25} = {90AAC9FC-72FE-357A-B516-81AF8365D90A}
		{356A1E20-32D4-35D6-AD2E-0D13A525D12D} = {90AAC9FC-72FE-357A-B516-81AF8365D90A}
		{BC917FF1-F38D-3782-AA2B-A4EB4E4A0E60} = {90AAC9FC-72FE-357A-B516-81AF8365D90A}
		{5109691F-F498-389C-9432-B5DAC70E4BB4} = {90AAC9FC-72FE-357A-B516-81AF8365D90A}
	EndGlobalSection
	GlobalSection(ExtensibilityGlobals) = postSolution
		SolutionGuid = {C508FA4C-7DCE-3D33-A878-150EB2CFE5C9}
	EndGlobalSection
	GlobalSection(ExtensibilityAddIns) = postSolution
	EndGlobalSection
EndGlobal
