<?xml version="1.0" encoding="utf-8"?>
<Project ToolsVersion="16.0" xmlns="http://schemas.microsoft.com/developer/msbuild/2003">
  <ItemGroup>
    <CustomBuild Include="C:\VanillaWOW\Source\AIO\Server\win\CMakeFiles\761b40bc848a2f0c6e650b4d3f23f1bd\INSTALL_force.rule">
      <Filter>CMake Rules</Filter>
    </CustomBuild>
  </ItemGroup>
  <ItemGroup>
    <Filter Include="CMake Rules">
      <UniqueIdentifier>{9A3E1365-6AAC-3D61-9203-45CAAC700C13}</UniqueIdentifier>
    </Filter>
  </ItemGroup>
</Project>
